// !$*UTF8*$!
{
	archiveVersion = 1;
	classes = {
	};
	objectVersion = 48;
	objects = {

/* Begin PBXBuildFile section */
		9BB1418E20299FE9009D718B /* main.swift in Sources */ = {isa = PBXBuildFile; fileRef = 9BB1418D20299FE9009D718B /* main.swift */; };
		9BB141952029A02A009D718B /* PROTOCOL.swift in Sources */ = {isa = PBXBuildFile; fileRef = 9BB141942029A02A009D718B /* PROTOCOL.swift */; };
		9BB1419B2029A1B6009D718B /* Test.swift in Sources */ = {isa = PBXBuildFile; fileRef = 9BB1419A2029A1B6009D718B /* Test.swift */; };
		9BB1419D2029A649009D718B /* TestB.swift in Sources */ = {isa = PBXBuildFile; fileRef = 9BB1419C2029A649009D718B /* TestB.swift */; };
		9BB1419F2029A907009D718B /* Arithmetic.swift in Sources */ = {isa = PBXBuildFile; fileRef = 9BB1419E2029A907009D718B /* Arithmetic.swift */; };
		9BB141A12029ABE3009D718B /* Addition.swift in Sources */ = {isa = PBXBuildFile; fileRef = 9BB141A02029ABE3009D718B /* Addition.swift */; };
		9BB141A32029BAE8009D718B /* Extension.swift in Sources */ = {isa = PBXBuildFile; fileRef = 9BB141A22029BAE8009D718B /* Extension.swift */; };
		9BB141A72029CD65009D718B /* task 1.swift in Sources */ = {isa = PBXBuildFile; fileRef = 9BB141A62029CD65009D718B /* task 1.swift */; };
		9BB141A92029CE35009D718B /* task 2.swift in Sources */ = {isa = PBXBuildFile; fileRef = 9BB141A82029CE35009D718B /* task 2.swift */; };
/* End PBXBuildFile section */

/* Begin PBXCopyFilesBuildPhase section */
		9BB1418820299FE9009D718B /* CopyFiles */ = {
			isa = PBXCopyFilesBuildPhase;
			buildActionMask = 2147483647;
			dstPath = /usr/share/man/man1/;
			dstSubfolderSpec = 0;
			files = (
			);
			runOnlyForDeploymentPostprocessing = 1;
		};
/* End PBXCopyFilesBuildPhase section */

/* Begin PBXFileReference section */
		9BB1418A20299FE9009D718B /* DAY 7 */ = {isa = PBXFileReference; explicitFileType = "compiled.mach-o.executable"; includeInIndex = 0; path = "DAY 7"; sourceTree = BUILT_PRODUCTS_DIR; };
		9BB1418D20299FE9009D718B /* main.swift */ = {isa = PBXFileReference; lastKnownFileType = sourcecode.swift; path = main.swift; sourceTree = "<group>"; };
		9BB141942029A02A009D718B /* PROTOCOL.swift */ = {isa = PBXFileReference; lastKnownFileType = sourcecode.swift; path = PROTOCOL.swift; sourceTree = "<group>"; };
		9BB1419A2029A1B6009D718B /* Test.swift */ = {isa = PBXFileReference; lastKnownFileType = sourcecode.swift; path = Test.swift; sourceTree = "<group>"; };
		9BB1419C2029A649009D718B /* TestB.swift */ = {isa = PBXFileReference; lastKnownFileType = sourcecode.swift; path = TestB.swift; sourceTree = "<group>"; };
		9BB1419E2029A907009D718B /* Arithmetic.swift */ = {isa = PBXFileReference; lastKnownFileType = sourcecode.swift; path = Arithmetic.swift; sourceTree = "<group>"; };
		9BB141A02029ABE3009D718B /* Addition.swift */ = {isa = PBXFileReference; lastKnownFileType = sourcecode.swift; path = Addition.swift; sourceTree = "<group>"; };
		9BB141A22029BAE8009D718B /* Extension.swift */ = {isa = PBXFileReference; lastKnownFileType = sourcecode.swift; path = Extension.swift; sourceTree = "<group>"; };
		9BB141A62029CD65009D718B /* task 1.swift */ = {isa = PBXFileReference; lastKnownFileType = sourcecode.swift; path = "task 1.swift"; sourceTree = "<group>"; };
		9BB141A82029CE35009D718B /* task 2.swift */ = {isa = PBXFileReference; lastKnownFileType = sourcecode.swift; path = "task 2.swift"; sourceTree = "<group>"; };
/* End PBXFileReference section */

/* Begin PBXFrameworksBuildPhase section */
		9BB1418720299FE9009D718B /* Frameworks */ = {
			isa = PBXFrameworksBuildPhase;
			buildActionMask = 2147483647;
			files = (
			);
			runOnlyForDeploymentPostprocessing = 0;
		};
/* End PBXFrameworksBuildPhase section */

/* Begin PBXGroup section */
		9BB1418120299FE9009D718B = {
			isa = PBXGroup;
			children = (
				9BB1418C20299FE9009D718B /* DAY 7 */,
				9BB1418B20299FE9009D718B /* Products */,
			);
			sourceTree = "<group>";
		};
		9BB1418B20299FE9009D718B /* Products */ = {
			isa = PBXGroup;
			children = (
				9BB1418A20299FE9009D718B /* DAY 7 */,
			);
			name = Products;
			sourceTree = "<group>";
		};
		9BB1418C20299FE9009D718B /* DAY 7 */ = {
			isa = PBXGroup;
			children = (
				9BB1418D20299FE9009D718B /* main.swift */,
				9BB141942029A02A009D718B /* PROTOCOL.swift */,
				9BB1419A2029A1B6009D718B /* Test.swift */,
				9BB1419C2029A649009D718B /* TestB.swift */,
				9BB1419E2029A907009D718B /* Arithmetic.swift */,
				9BB141A02029ABE3009D718B /* Addition.swift */,
				9BB141A22029BAE8009D718B /* Extension.swift */,
				9BB141A62029CD65009D718B /* task 1.swift */,
				9BB141A82029CE35009D718B /* task 2.swift */,
			);
			path = "DAY 7";
			sourceTree = "<group>";
		};
/* End PBXGroup section */

/* Begin PBXNativeTarget section */
		9BB1418920299FE9009D718B /* DAY 7 */ = {
			isa = PBXNativeTarget;
			buildConfigurationList = 9BB1419120299FE9009D718B /* Build configuration list for PBXNativeTarget "DAY 7" */;
			buildPhases = (
				9BB1418620299FE9009D718B /* Sources */,
				9BB1418720299FE9009D718B /* Frameworks */,
				9BB1418820299FE9009D718B /* CopyFiles */,
			);
			buildRules = (
			);
			dependencies = (
			);
			name = "DAY 7";
			productName = "DAY 7";
			productReference = 9BB1418A20299FE9009D718B /* DAY 7 */;
			productType = "com.apple.product-type.tool";
		};
/* End PBXNativeTarget section */

/* Begin PBXProject section */
		9BB1418220299FE9009D718B /* Project object */ = {
			isa = PBXProject;
			attributes = {
				LastSwiftUpdateCheck = 0920;
				LastUpgradeCheck = 0920;
				ORGANIZATIONNAME = MacStudent;
				TargetAttributes = {
					9BB1418920299FE9009D718B = {
						CreatedOnToolsVersion = 9.2;
						ProvisioningStyle = Automatic;
					};
				};
			};
			buildConfigurationList = 9BB1418520299FE9009D718B /* Build configuration list for PBXProject "DAY 7" */;
			compatibilityVersion = "Xcode 8.0";
			developmentRegion = en;
			hasScannedForEncodings = 0;
			knownRegions = (
				en,
			);
			mainGroup = 9BB1418120299FE9009D718B;
			productRefGroup = 9BB1418B20299FE9009D718B /* Products */;
			projectDirPath = "";
			projectRoot = "";
			targets = (
				9BB1418920299FE9009D718B /* DAY 7 */,
			);
		};
/* End PBXProject section */

/* Begin PBXSourcesBuildPhase section */
		9BB1418620299FE9009D718B /* Sources */ = {
			isa = PBXSourcesBuildPhase;
			buildActionMask = 2147483647;
			files = (
				9BB1419F2029A907009D718B /* Arithmetic.swift in Sources */,
				9BB141A12029ABE3009D718B /* Addition.swift in Sources */,
				9BB141A32029BAE8009D718B /* Extension.swift in Sources */,
				9BB141A72029CD65009D718B /* task 1.swift in Sources */,
				9BB1419D2029A649009D718B /* TestB.swift in Sources */,
				9BB1418E20299FE9009D718B /* main.swift in Sources */,
				9BB141A92029CE35009D718B /* task 2.swift in Sources */,
				9BB1419B2029A1B6009D718B /* Test.swift in Sources */,
				9BB141952029A02A009D718B /* PROTOCOL.swift in Sources */,
			);
			runOnlyForDeploymentPostprocessing = 0;
		};
/* End PBXSourcesBuildPhase section */

/* Begin XCBuildConfiguration section */
		9BB1418F20299FE9009D718B /* Debug */ = {
			isa = XCBuildConfiguration;
			buildSettings = {
				ALWAYS_SEARCH_USER_PATHS = NO;
				CLANG_ANALYZER_NONNULL = YES;
				CLANG_ANALYZER_NUMBER_OBJECT_CONVERSION = YES_AGGRESSIVE;
				CLANG_CXX_LANGUAGE_STANDARD = "gnu++14";
				CLANG_CXX_LIBRARY = "libc++";
				CLANG_ENABLE_MODULES = YES;
				CLANG_ENABLE_OBJC_ARC = YES;
				CLANG_WARN_BLOCK_CAPTURE_AUTORELEASING = YES;
				CLANG_WARN_BOOL_CONVERSION = YES;
				CLANG_WARN_COMMA = YES;
				CLANG_WARN_CONSTANT_CONVERSION = YES;
				CLANG_WARN_DIRECT_OBJC_ISA_USAGE = YES_ERROR;
				CLANG_WARN_DOCUMENTATION_COMMENTS = YES;
				CLANG_WARN_EMPTY_BODY = YES;
				CLANG_WARN_ENUM_CONVERSION = YES;
				CLANG_WARN_INFINITE_RECURSION = YES;
				CLANG_WARN_INT_CONVERSION = YES;
				CLANG_WARN_NON_LITERAL_NULL_CONVERSION = YES;
				CLANG_WARN_OBJC_LITERAL_CONVERSION = YES;
				CLANG_WARN_OBJC_ROOT_CLASS = YES_ERROR;
				CLANG_WARN_RANGE_LOOP_ANALYSIS = YES;
				CLANG_WARN_STRICT_PROTOTYPES = YES;
				CLANG_WARN_SUSPICIOUS_MOVE = YES;
				CLANG_WARN_UNGUARDED_AVAILABILITY = YES_AGGRESSIVE;
				CLANG_WARN_UNREACHABLE_CODE = YES;
				CLANG_WARN__DUPLICATE_METHOD_MATCH = YES;
				CODE_SIGN_IDENTITY = "-";
				COPY_PHASE_STRIP = NO;
				DEBUG_INFORMATION_FORMAT = dwarf;
				ENABLE_STRICT_OBJC_MSGSEND = YES;
				ENABLE_TESTABILITY = YES;
				GCC_C_LANGUAGE_STANDARD = gnu11;
				GCC_DYNAMIC_NO_PIC = NO;
				GCC_NO_COMMON_BLOCKS = YES;
				GCC_OPTIMIZATION_LEVEL = 0;
				GCC_PREPROCESSOR_DEFINITIONS = (
					"DEBUG=1",
					"$(inherited)",
				);
				GCC_WARN_64_TO_32_BIT_CONVERSION = YES;
				GCC_WARN_ABOUT_RETURN_TYPE = YES_ERROR;
				GCC_WARN_UNDECLARED_SELECTOR = YES;
				GCC_WARN_UNINITIALIZED_AUTOS = YES_AGGRESSIVE;
				GCC_WARN_UNUSED_FUNCTION = YES;
				GCC_WARN_UNUSED_VARIABLE = YES;
				MACOSX_DEPLOYMENT_TARGET = 10.13;
				MTL_ENABLE_DEBUG_INFO = YES;
				ONLY_ACTIVE_ARCH = YES;
				SDKROOT = macosx;
				SWIFT_ACTIVE_COMPILATION_CONDITIONS = DEBUG;
				SWIFT_OPTIMIZATION_LEVEL = "-Onone";
			};
			name = Debug;
		};
		9BB1419020299FE9009D718B /* Release */ = {
			isa = XCBuildConfiguration;
			buildSettings = {
				ALWAYS_SEARCH_USER_PATHS = NO;
				CLANG_ANALYZER_NONNULL = YES;
				CLANG_ANALYZER_NUMBER_OBJECT_CONVERSION = YES_AGGRESSIVE;
				CLANG_CXX_LANGUAGE_STANDARD = "gnu++14";
				CLANG_CXX_LIBRARY = "libc++";
				CLANG_ENABLE_MODULES = YES;
				CLANG_ENABLE_OBJC_ARC = YES;
				CLANG_WARN_BLOCK_CAPTURE_AUTORELEASING = YES;
				CLANG_WARN_BOOL_CONVERSION = YES;
				CLANG_WARN_COMMA = YES;
				CLANG_WARN_CONSTANT_CONVERSION = YES;
				CLANG_WARN_DIRECT_OBJC_ISA_USAGE = YES_ERROR;
				CLANG_WARN_DOCUMENTATION_COMMENTS = YES;
				CLANG_WARN_EMPTY_BODY = YES;
				CLANG_WARN_ENUM_CONVERSION = YES;
				CLANG_WARN_INFINITE_RECURSION = YES;
				CLANG_WARN_INT_CONVERSION = YES;
				CLANG_WARN_NON_LITERAL_NULL_CONVERSION = YES;
				CLANG_WARN_OBJC_LITERAL_CONVERSION = YES;
				CLANG_WARN_OBJC_ROOT_CLASS = YES_ERROR;
				CLANG_WARN_RANGE_LOOP_ANALYSIS = YES;
				CLANG_WARN_STRICT_PROTOTYPES = YES;
				CLANG_WARN_SUSPICIOUS_MOVE = YES;
				CLANG_WARN_UNGUARDED_AVAILABILITY = YES_AGGRESSIVE;
				CLANG_WARN_UNREACHABLE_CODE = YES;
				CLANG_WARN__DUPLICATE_METHOD_MATCH = YES;
				CODE_SIGN_IDENTITY = "-";
				COPY_PHASE_STRIP = NO;
				DEBUG_INFORMATION_FORMAT = "dwarf-with-dsym";
				ENABLE_NS_ASSERTIONS = NO;
				ENABLE_STRICT_OBJC_MSGSEND = YES;
				GCC_C_LANGUAGE_STANDARD = gnu11;
				GCC_NO_COMMON_BLOCKS = YES;
				GCC_WARN_64_TO_32_BIT_CONVERSION = YES;
				GCC_WARN_ABOUT_RETURN_TYPE = YES_ERROR;
				GCC_WARN_UNDECLARED_SELECTOR = YES;
				GCC_WARN_UNINITIALIZED_AUTOS = YES_AGGRESSIVE;
				GCC_WARN_UNUSED_FUNCTION = YES;
				GCC_WARN_UNUSED_VARIABLE = YES;
				MACOSX_DEPLOYMENT_TARGET = 10.13;
				MTL_ENABLE_DEBUG_INFO = NO;
				SDKROOT = macosx;
				SWIFT_OPTIMIZATION_LEVEL = "-Owholemodule";
			};
			name = Release;
		};
		9BB1419220299FE9009D718B /* Debug */ = {
			isa = XCBuildConfiguration;
			buildSettings = {
				CODE_SIGN_STYLE = Automatic;
				PRODUCT_NAME = "$(TARGET_NAME)";
				SWIFT_VERSION = 4.0;
			};
			name = Debug;
		};
		9BB1419320299FE9009D718B /* Release */ = {
			isa = XCBuildConfiguration;
			buildSettings = {
				CODE_SIGN_STYLE = Automatic;
				PRODUCT_NAME = "$(TARGET_NAME)";
				SWIFT_VERSION = 4.0;
			};
			name = Release;
		};
/* End XCBuildConfiguration section */

/* Begin XCConfigurationList section */
		9BB1418520299FE9009D718B /* Build configuration list for PBXProject "DAY 7" */ = {
			isa = XCConfigurationList;
			buildConfigurations = (
				9BB1418F20299FE9009D718B /* Debug */,
				9BB1419020299FE9009D718B /* Release */,
			);
			defaultConfigurationIsVisible = 0;
			defaultConfigurationName = Release;
		};
		9BB1419120299FE9009D718B /* Build configuration list for PBXNativeTarget "DAY 7" */ = {
			isa = XCConfigurationList;
			buildConfigurations = (
				9BB1419220299FE9009D718B /* Debug */,
				9BB1419320299FE9009D718B /* Release */,
			);
			defaultConfigurationIsVisible = 0;
			defaultConfigurationName = Release;
		};
/* End XCConfigurationList section */
	};
	rootObject = 9BB1418220299FE9009D718B /* Project object */;
}
